
Microsoft Visual Studio Solution File, Format Version 12.00
# Visual Studio 15
Project("{FAE04EC0-301F-11D3-BF4B-00C04F79EFBC}") = "auto_parts_shop", "auto_parts_shop\auto_parts_shop.csproj", "{71EBC491-4AC6-4738-BD54-40254246BD5B}"
EndProject
Global
	GlobalSection(SolutionConfigurationPlatforms) = preSolution
		Debug|anycpu = Debug|anycpu
		Release|anycpu = Release|anycpu
	EndGlobalSection
	GlobalSection(ProjectConfigurationPlatforms) = postSolution
		{71EBC491-4AC6-4738-BD54-40254246BD5B}.Debug|anycpu.ActiveCfg = Debug|Any CPU
		{71EBC491-4AC6-4738-BD54-40254246BD5B}.Debug|anycpu.Build.0 = Debug|Any CPU
		{71EBC491-4AC6-4738-BD54-40254246BD5B}.Release|anycpu.ActiveCfg = Release|Any CPU
		{71EBC491-4AC6-4738-BD54-40254246BD5B}.Release|anycpu.Build.0 = Release|Any CPU
	EndGlobalSection
EndGlobal
